// !$*UTF8*$!
{
	archiveVersion = 1;
	classes = {
	};
	objectVersion = 50;
	objects = {

/* Begin PBXBuildFile section */
		53F8928920A71D24002CE907 /* AppDelegate.swift in Sources */ = {isa = PBXBuildFile; fileRef = 53F8928820A71D24002CE907 /* AppDelegate.swift */; };
		53F8928B20A71D24002CE907 /* ViewController.swift in Sources */ = {isa = PBXBuildFile; fileRef = 53F8928A20A71D24002CE907 /* ViewController.swift */; };
		53F8928E20A71D24002CE907 /* Main.storyboard in Resources */ = {isa = PBXBuildFile; fileRef = 53F8928C20A71D24002CE907 /* Main.storyboard */; };
		53F8929020A71D25002CE907 /* Assets.xcassets in Resources */ = {isa = PBXBuildFile; fileRef = 53F8928F20A71D25002CE907 /* Assets.xcassets */; };
		53F8929320A71D25002CE907 /* LaunchScreen.storyboard in Resources */ = {isa = PBXBuildFile; fileRef = 53F8929120A71D25002CE907 /* LaunchScreen.storyboard */; };
		53F8929E20A71D25002CE907 /* Country_ListTests.swift in Sources */ = {isa = PBXBuildFile; fileRef = 53F8929D20A71D25002CE907 /* Country_ListTests.swift */; };
		53F892A920A71D25002CE907 /* Country_ListUITests.swift in Sources */ = {isa = PBXBuildFile; fileRef = 53F892A820A71D25002CE907 /* Country_ListUITests.swift */; };
		53F892BB20A72125002CE907 /* CountryListInteractor.swift in Sources */ = {isa = PBXBuildFile; fileRef = 53F892BA20A72125002CE907 /* CountryListInteractor.swift */; };
		53F892BE20A7214D002CE907 /* CountryListPresenter.swift in Sources */ = {isa = PBXBuildFile; fileRef = 53F892BD20A7214D002CE907 /* CountryListPresenter.swift */; };
		53F892C120A72227002CE907 /* CountryModel.swift in Sources */ = {isa = PBXBuildFile; fileRef = 53F892C020A72227002CE907 /* CountryModel.swift */; };
		53F892C620A72315002CE907 /* CountryListAssembly.swift in Sources */ = {isa = PBXBuildFile; fileRef = 53F892C520A72315002CE907 /* CountryListAssembly.swift */; };
		53F892C820A72664002CE907 /* CountryListDataManager.swift in Sources */ = {isa = PBXBuildFile; fileRef = 53F892C720A72664002CE907 /* CountryListDataManager.swift */; };
		53F892D120A85EBB002CE907 /* CountryListTableViewCell.swift in Sources */ = {isa = PBXBuildFile; fileRef = 53F892CF20A85EBB002CE907 /* CountryListTableViewCell.swift */; };
		53F892D220A85EBB002CE907 /* CountryListTableViewCell.xib in Resources */ = {isa = PBXBuildFile; fileRef = 53F892D020A85EBB002CE907 /* CountryListTableViewCell.xib */; };
		53F892D520A86907002CE907 /* Constant.swift in Sources */ = {isa = PBXBuildFile; fileRef = 53F892D420A86907002CE907 /* Constant.swift */; };
		53F892D920A8A4F8002CE907 /* CountryDB.swift in Sources */ = {isa = PBXBuildFile; fileRef = 53F892D820A8A4F8002CE907 /* CountryDB.swift */; };
		53F892F320A8B80C002CE907 /* SQLite.framework in Frameworks */ = {isa = PBXBuildFile; fileRef = 53F892E520A8B74E002CE907 /* SQLite.framework */; };
		53F892F420A8B86A002CE907 /* SQLite.framework in Frameworks */ = {isa = PBXBuildFile; fileRef = 53F892E520A8B74E002CE907 /* SQLite.framework */; };
		53F892F520A8B86A002CE907 /* SQLite.framework in Embed Frameworks */ = {isa = PBXBuildFile; fileRef = 53F892E520A8B74E002CE907 /* SQLite.framework */; settings = {ATTRIBUTES = (CodeSignOnCopy, RemoveHeadersOnCopy, ); }; };
/* End PBXBuildFile section */

/* Begin PBXContainerItemProxy section */
		53F8929A20A71D25002CE907 /* PBXContainerItemProxy */ = {
			isa = PBXContainerItemProxy;
			containerPortal = 53F8927D20A71D24002CE907 /* Project object */;
			proxyType = 1;
			remoteGlobalIDString = 53F8928420A71D24002CE907;
			remoteInfo = "Country List";
		};
		53F892A520A71D25002CE907 /* PBXContainerItemProxy */ = {
			isa = PBXContainerItemProxy;
			containerPortal = 53F8927D20A71D24002CE907 /* Project object */;
			proxyType = 1;
			remoteGlobalIDString = 53F8928420A71D24002CE907;
			remoteInfo = "Country List";
		};
		53F892E420A8B74E002CE907 /* PBXContainerItemProxy */ = {
			isa = PBXContainerItemProxy;
			containerPortal = 53F892DA20A8B74E002CE907 /* SQLite.xcodeproj */;
			proxyType = 2;
			remoteGlobalIDString = EE247AD31C3F04ED00AE3E12;
			remoteInfo = "SQLite iOS";
		};
		53F892E620A8B74E002CE907 /* PBXContainerItemProxy */ = {
			isa = PBXContainerItemProxy;
			containerPortal = 53F892DA20A8B74E002CE907 /* SQLite.xcodeproj */;
			proxyType = 2;
			remoteGlobalIDString = EE247ADD1C3F04ED00AE3E12;
			remoteInfo = "SQLiteTests iOS";
		};
		53F892E820A8B74E002CE907 /* PBXContainerItemProxy */ = {
			isa = PBXContainerItemProxy;
			containerPortal = 53F892DA20A8B74E002CE907 /* SQLite.xcodeproj */;
			proxyType = 2;
			remoteGlobalIDString = EE247B3C1C3F3ED000AE3E12;
			remoteInfo = "SQLite Mac";
		};
		53F892EA20A8B74E002CE907 /* PBXContainerItemProxy */ = {
			isa = PBXContainerItemProxy;
			containerPortal = 53F892DA20A8B74E002CE907 /* SQLite.xcodeproj */;
			proxyType = 2;
			remoteGlobalIDString = EE247B451C3F3ED000AE3E12;
			remoteInfo = "SQLiteTests Mac";
		};
		53F892EC20A8B74E002CE907 /* PBXContainerItemProxy */ = {
			isa = PBXContainerItemProxy;
			containerPortal = 53F892DA20A8B74E002CE907 /* SQLite.xcodeproj */;
			proxyType = 2;
			remoteGlobalIDString = 03A65E5A1C6BB0F50062603F;
			remoteInfo = "SQLite tvOS";
		};
		53F892EE20A8B74E002CE907 /* PBXContainerItemProxy */ = {
			isa = PBXContainerItemProxy;
			containerPortal = 53F892DA20A8B74E002CE907 /* SQLite.xcodeproj */;
			proxyType = 2;
			remoteGlobalIDString = 03A65E631C6BB0F60062603F;
			remoteInfo = "SQLiteTests tvOS";
		};
		53F892F020A8B74E002CE907 /* PBXContainerItemProxy */ = {
			isa = PBXContainerItemProxy;
			containerPortal = 53F892DA20A8B74E002CE907 /* SQLite.xcodeproj */;
			proxyType = 2;
			remoteGlobalIDString = A121AC451CA35C79005A31D1;
			remoteInfo = "SQLite watchOS";
		};
		53F892F620A8B86A002CE907 /* PBXContainerItemProxy */ = {
			isa = PBXContainerItemProxy;
			containerPortal = 53F892DA20A8B74E002CE907 /* SQLite.xcodeproj */;
			proxyType = 1;
			remoteGlobalIDString = EE247AD21C3F04ED00AE3E12;
			remoteInfo = "SQLite iOS";
		};
/* End PBXContainerItemProxy section */

/* Begin PBXCopyFilesBuildPhase section */
		53F892F820A8B86A002CE907 /* Embed Frameworks */ = {
			isa = PBXCopyFilesBuildPhase;
			buildActionMask = 2147483647;
			dstPath = "";
			dstSubfolderSpec = 10;
			files = (
				53F892F520A8B86A002CE907 /* SQLite.framework in Embed Frameworks */,
			);
			name = "Embed Frameworks";
			runOnlyForDeploymentPostprocessing = 0;
		};
/* End PBXCopyFilesBuildPhase section */

/* Begin PBXFileReference section */
		53F8928520A71D24002CE907 /* Country List.app */ = {isa = PBXFileReference; explicitFileType = wrapper.application; includeInIndex = 0; path = "Country List.app"; sourceTree = BUILT_PRODUCTS_DIR; };
		53F8928820A71D24002CE907 /* AppDelegate.swift */ = {isa = PBXFileReference; lastKnownFileType = sourcecode.swift; path = AppDelegate.swift; sourceTree = "<group>"; };
		53F8928A20A71D24002CE907 /* ViewController.swift */ = {isa = PBXFileReference; lastKnownFileType = sourcecode.swift; path = ViewController.swift; sourceTree = "<group>"; };
		53F8928D20A71D24002CE907 /* Base */ = {isa = PBXFileReference; lastKnownFileType = file.storyboard; name = Base; path = Base.lproj/Main.storyboard; sourceTree = "<group>"; };
		53F8928F20A71D25002CE907 /* Assets.xcassets */ = {isa = PBXFileReference; lastKnownFileType = folder.assetcatalog; path = Assets.xcassets; sourceTree = "<group>"; };
		53F8929220A71D25002CE907 /* Base */ = {isa = PBXFileReference; lastKnownFileType = file.storyboard; name = Base; path = Base.lproj/LaunchScreen.storyboard; sourceTree = "<group>"; };
		53F8929420A71D25002CE907 /* Info.plist */ = {isa = PBXFileReference; lastKnownFileType = text.plist.xml; path = Info.plist; sourceTree = "<group>"; };
		53F8929920A71D25002CE907 /* Country ListTests.xctest */ = {isa = PBXFileReference; explicitFileType = wrapper.cfbundle; includeInIndex = 0; path = "Country ListTests.xctest"; sourceTree = BUILT_PRODUCTS_DIR; };
		53F8929D20A71D25002CE907 /* Country_ListTests.swift */ = {isa = PBXFileReference; lastKnownFileType = sourcecode.swift; path = Country_ListTests.swift; sourceTree = "<group>"; };
		53F8929F20A71D25002CE907 /* Info.plist */ = {isa = PBXFileReference; lastKnownFileType = text.plist.xml; path = Info.plist; sourceTree = "<group>"; };
		53F892A420A71D25002CE907 /* Country ListUITests.xctest */ = {isa = PBXFileReference; explicitFileType = wrapper.cfbundle; includeInIndex = 0; path = "Country ListUITests.xctest"; sourceTree = BUILT_PRODUCTS_DIR; };
		53F892A820A71D25002CE907 /* Country_ListUITests.swift */ = {isa = PBXFileReference; lastKnownFileType = sourcecode.swift; path = Country_ListUITests.swift; sourceTree = "<group>"; };
		53F892AA20A71D25002CE907 /* Info.plist */ = {isa = PBXFileReference; lastKnownFileType = text.plist.xml; path = Info.plist; sourceTree = "<group>"; };
		53F892BA20A72125002CE907 /* CountryListInteractor.swift */ = {isa = PBXFileReference; lastKnownFileType = sourcecode.swift; path = CountryListInteractor.swift; sourceTree = "<group>"; };
		53F892BD20A7214D002CE907 /* CountryListPresenter.swift */ = {isa = PBXFileReference; lastKnownFileType = sourcecode.swift; path = CountryListPresenter.swift; sourceTree = "<group>"; };
		53F892C020A72227002CE907 /* CountryModel.swift */ = {isa = PBXFileReference; lastKnownFileType = sourcecode.swift; path = CountryModel.swift; sourceTree = "<group>"; };
		53F892C520A72315002CE907 /* CountryListAssembly.swift */ = {isa = PBXFileReference; lastKnownFileType = sourcecode.swift; path = CountryListAssembly.swift; sourceTree = "<group>"; };
		53F892C720A72664002CE907 /* CountryListDataManager.swift */ = {isa = PBXFileReference; lastKnownFileType = sourcecode.swift; path = CountryListDataManager.swift; sourceTree = "<group>"; };
		53F892CF20A85EBB002CE907 /* CountryListTableViewCell.swift */ = {isa = PBXFileReference; lastKnownFileType = sourcecode.swift; path = CountryListTableViewCell.swift; sourceTree = "<group>"; };
		53F892D020A85EBB002CE907 /* CountryListTableViewCell.xib */ = {isa = PBXFileReference; lastKnownFileType = file.xib; path = CountryListTableViewCell.xib; sourceTree = "<group>"; };
		53F892D420A86907002CE907 /* Constant.swift */ = {isa = PBXFileReference; lastKnownFileType = sourcecode.swift; path = Constant.swift; sourceTree = "<group>"; };
		53F892D820A8A4F8002CE907 /* CountryDB.swift */ = {isa = PBXFileReference; lastKnownFileType = sourcecode.swift; path = CountryDB.swift; sourceTree = "<group>"; };
		53F892DA20A8B74E002CE907 /* SQLite.xcodeproj */ = {isa = PBXFileReference; lastKnownFileType = "wrapper.pb-project"; name = SQLite.xcodeproj; path = "../../../Downloads/SQLite.swift-master/SQLite.xcodeproj"; sourceTree = "<group>"; };
/* End PBXFileReference section */

/* Begin PBXFrameworksBuildPhase section */
		53F8928220A71D24002CE907 /* Frameworks */ = {
			isa = PBXFrameworksBuildPhase;
			buildActionMask = 2147483647;
			files = (
				53F892F420A8B86A002CE907 /* SQLite.framework in Frameworks */,
				53F892F320A8B80C002CE907 /* SQLite.framework in Frameworks */,
			);
			runOnlyForDeploymentPostprocessing = 0;
		};
		53F8929620A71D25002CE907 /* Frameworks */ = {
			isa = PBXFrameworksBuildPhase;
			buildActionMask = 2147483647;
			files = (
			);
			runOnlyForDeploymentPostprocessing = 0;
		};
		53F892A120A71D25002CE907 /* Frameworks */ = {
			isa = PBXFrameworksBuildPhase;
			buildActionMask = 2147483647;
			files = (
			);
			runOnlyForDeploymentPostprocessing = 0;
		};
/* End PBXFrameworksBuildPhase section */

/* Begin PBXGroup section */
		53F8927C20A71D24002CE907 = {
			isa = PBXGroup;
			children = (
				53F8928720A71D24002CE907 /* Country List */,
				53F8929C20A71D25002CE907 /* Country ListTests */,
				53F892A720A71D25002CE907 /* Country ListUITests */,
				53F8928620A71D24002CE907 /* Products */,
				53F892DA20A8B74E002CE907 /* SQLite.xcodeproj */,
				53F892F220A8B80C002CE907 /* Frameworks */,
			);
			sourceTree = "<group>";
		};
		53F8928620A71D24002CE907 /* Products */ = {
			isa = PBXGroup;
			children = (
				53F8928520A71D24002CE907 /* Country List.app */,
				53F8929920A71D25002CE907 /* Country ListTests.xctest */,
				53F892A420A71D25002CE907 /* Country ListUITests.xctest */,
			);
			name = Products;
			sourceTree = "<group>";
		};
		53F8928720A71D24002CE907 /* Country List */ = {
			isa = PBXGroup;
			children = (
				53F892D720A8A4A5002CE907 /* Database */,
				53F892D320A868F5002CE907 /* Helper */,
				53F892C220A72258002CE907 /* Services */,
				53F892BF20A721DB002CE907 /* Model */,
				53F892B620A71F83002CE907 /* Main */,
				53F8928820A71D24002CE907 /* AppDelegate.swift */,
				53F8928C20A71D24002CE907 /* Main.storyboard */,
				53F8928F20A71D25002CE907 /* Assets.xcassets */,
				53F8929120A71D25002CE907 /* LaunchScreen.storyboard */,
				53F8929420A71D25002CE907 /* Info.plist */,
			);
			path = "Country List";
			sourceTree = "<group>";
		};
		53F8929C20A71D25002CE907 /* Country ListTests */ = {
			isa = PBXGroup;
			children = (
				53F8929D20A71D25002CE907 /* Country_ListTests.swift */,
				53F8929F20A71D25002CE907 /* Info.plist */,
			);
			path = "Country ListTests";
			sourceTree = "<group>";
		};
		53F892A720A71D25002CE907 /* Country ListUITests */ = {
			isa = PBXGroup;
			children = (
				53F892A820A71D25002CE907 /* Country_ListUITests.swift */,
				53F892AA20A71D25002CE907 /* Info.plist */,
			);
			path = "Country ListUITests";
			sourceTree = "<group>";
		};
		53F892B620A71F83002CE907 /* Main */ = {
			isa = PBXGroup;
			children = (
				53F892B720A71FC8002CE907 /* Modules */,
			);
			path = Main;
			sourceTree = "<group>";
		};
		53F892B720A71FC8002CE907 /* Modules */ = {
			isa = PBXGroup;
			children = (
				53F892C420A722BE002CE907 /* Wireframe */,
				53F892BC20A72135002CE907 /* Presenter */,
				53F892B920A720E5002CE907 /* Interactor */,
				53F892B820A72089002CE907 /* View */,
			);
			path = Modules;
			sourceTree = "<group>";
		};
		53F892B820A72089002CE907 /* View */ = {
			isa = PBXGroup;
			children = (
				53F8928A20A71D24002CE907 /* ViewController.swift */,
				53F892CF20A85EBB002CE907 /* CountryListTableViewCell.swift */,
				53F892D020A85EBB002CE907 /* CountryListTableViewCell.xib */,
			);
			path = View;
			sourceTree = "<group>";
		};
		53F892B920A720E5002CE907 /* Interactor */ = {
			isa = PBXGroup;
			children = (
				53F892BA20A72125002CE907 /* CountryListInteractor.swift */,
			);
			path = Interactor;
			sourceTree = "<group>";
		};
		53F892BC20A72135002CE907 /* Presenter */ = {
			isa = PBXGroup;
			children = (
				53F892BD20A7214D002CE907 /* CountryListPresenter.swift */,
			);
			path = Presenter;
			sourceTree = "<group>";
		};
		53F892BF20A721DB002CE907 /* Model */ = {
			isa = PBXGroup;
			children = (
				53F892C020A72227002CE907 /* CountryModel.swift */,
			);
			path = Model;
			sourceTree = "<group>";
		};
		53F892C220A72258002CE907 /* Services */ = {
			isa = PBXGroup;
			children = (
				53F892C720A72664002CE907 /* CountryListDataManager.swift */,
			);
			path = Services;
			sourceTree = "<group>";
		};
		53F892C420A722BE002CE907 /* Wireframe */ = {
			isa = PBXGroup;
			children = (
				53F892C520A72315002CE907 /* CountryListAssembly.swift */,
			);
			path = Wireframe;
			sourceTree = "<group>";
		};
		53F892D320A868F5002CE907 /* Helper */ = {
			isa = PBXGroup;
			children = (
				53F892D420A86907002CE907 /* Constant.swift */,
			);
			path = Helper;
			sourceTree = "<group>";
		};
		53F892D720A8A4A5002CE907 /* Database */ = {
			isa = PBXGroup;
			children = (
				53F892D820A8A4F8002CE907 /* CountryDB.swift */,
			);
			path = Database;
			sourceTree = "<group>";
		};
		53F892DB20A8B74E002CE907 /* Products */ = {
			isa = PBXGroup;
			children = (
				53F892E520A8B74E002CE907 /* SQLite.framework */,
				53F892E720A8B74E002CE907 /* SQLiteTests iOS.xctest */,
				53F892E920A8B74E002CE907 /* SQLite.framework */,
				53F892EB20A8B74E002CE907 /* SQLiteTests Mac.xctest */,
				53F892ED20A8B74E002CE907 /* SQLite.framework */,
				53F892EF20A8B74E002CE907 /* SQLiteTests tvOS.xctest */,
				53F892F120A8B74E002CE907 /* SQLite.framework */,
			);
			name = Products;
			sourceTree = "<group>";
		};
		53F892F220A8B80C002CE907 /* Frameworks */ = {
			isa = PBXGroup;
			children = (
			);
			name = Frameworks;
			sourceTree = "<group>";
		};
/* End PBXGroup section */

/* Begin PBXNativeTarget section */
		53F8928420A71D24002CE907 /* Country List */ = {
			isa = PBXNativeTarget;
			buildConfigurationList = 53F892AD20A71D25002CE907 /* Build configuration list for PBXNativeTarget "Country List" */;
			buildPhases = (
				53F8928120A71D24002CE907 /* Sources */,
				53F8928220A71D24002CE907 /* Frameworks */,
				53F8928320A71D24002CE907 /* Resources */,
				53F892F820A8B86A002CE907 /* Embed Frameworks */,
			);
			buildRules = (
			);
			dependencies = (
				53F892F720A8B86A002CE907 /* PBXTargetDependency */,
			);
			name = "Country List";
			productName = "Country List";
			productReference = 53F8928520A71D24002CE907 /* Country List.app */;
			productType = "com.apple.product-type.application";
		};
		53F8929820A71D25002CE907 /* Country ListTests */ = {
			isa = PBXNativeTarget;
			buildConfigurationList = 53F892B020A71D25002CE907 /* Build configuration list for PBXNativeTarget "Country ListTests" */;
			buildPhases = (
				53F8929520A71D25002CE907 /* Sources */,
				53F8929620A71D25002CE907 /* Frameworks */,
				53F8929720A71D25002CE907 /* Resources */,
			);
			buildRules = (
			);
			dependencies = (
				53F8929B20A71D25002CE907 /* PBXTargetDependency */,
			);
			name = "Country ListTests";
			productName = "Country ListTests";
			productReference = 53F8929920A71D25002CE907 /* Country ListTests.xctest */;
			productType = "com.apple.product-type.bundle.unit-test";
		};
		53F892A320A71D25002CE907 /* Country ListUITests */ = {
			isa = PBXNativeTarget;
			buildConfigurationList = 53F892B320A71D25002CE907 /* Build configuration list for PBXNativeTarget "Country ListUITests" */;
			buildPhases = (
				53F892A020A71D25002CE907 /* Sources */,
				53F892A120A71D25002CE907 /* Frameworks */,
				53F892A220A71D25002CE907 /* Resources */,
			);
			buildRules = (
			);
			dependencies = (
				53F892A620A71D25002CE907 /* PBXTargetDependency */,
			);
			name = "Country ListUITests";
			productName = "Country ListUITests";
			productReference = 53F892A420A71D25002CE907 /* Country ListUITests.xctest */;
			productType = "com.apple.product-type.bundle.ui-testing";
		};
/* End PBXNativeTarget section */

/* Begin PBXProject section */
		53F8927D20A71D24002CE907 /* Project object */ = {
			isa = PBXProject;
			attributes = {
				LastSwiftUpdateCheck = 0930;
				LastUpgradeCheck = 0930;
				ORGANIZATIONNAME = "rahman fad";
				TargetAttributes = {
					53F8928420A71D24002CE907 = {
						CreatedOnToolsVersion = 9.3;
					};
					53F8929820A71D25002CE907 = {
						CreatedOnToolsVersion = 9.3;
						TestTargetID = 53F8928420A71D24002CE907;
					};
					53F892A320A71D25002CE907 = {
						CreatedOnToolsVersion = 9.3;
						TestTargetID = 53F8928420A71D24002CE907;
					};
				};
			};
			buildConfigurationList = 53F8928020A71D24002CE907 /* Build configuration list for PBXProject "Country List" */;
			compatibilityVersion = "Xcode 9.3";
			developmentRegion = en;
			hasScannedForEncodings = 0;
			knownRegions = (
				en,
				Base,
			);
			mainGroup = 53F8927C20A71D24002CE907;
			productRefGroup = 53F8928620A71D24002CE907 /* Products */;
			projectDirPath = "";
			projectReferences = (
				{
					ProductGroup = 53F892DB20A8B74E002CE907 /* Products */;
					ProjectRef = 53F892DA20A8B74E002CE907 /* SQLite.xcodeproj */;
				},
			);
			projectRoot = "";
			targets = (
				53F8928420A71D24002CE907 /* Country List */,
				53F8929820A71D25002CE907 /* Country ListTests */,
				53F892A320A71D25002CE907 /* Country ListUITests */,
			);
		};
/* End PBXProject section */

/* Begin PBXReferenceProxy section */
		53F892E520A8B74E002CE907 /* SQLite.framework */ = {
			isa = PBXReferenceProxy;
			fileType = wrapper.framework;
			path = SQLite.framework;
			remoteRef = 53F892E420A8B74E002CE907 /* PBXContainerItemProxy */;
			sourceTree = BUILT_PRODUCTS_DIR;
		};
		53F892E720A8B74E002CE907 /* SQLiteTests iOS.xctest */ = {
			isa = PBXReferenceProxy;
			fileType = wrapper.cfbundle;
			path = "SQLiteTests iOS.xctest";
			remoteRef = 53F892E620A8B74E002CE907 /* PBXContainerItemProxy */;
			sourceTree = BUILT_PRODUCTS_DIR;
		};
		53F892E920A8B74E002CE907 /* SQLite.framework */ = {
			isa = PBXReferenceProxy;
			fileType = wrapper.framework;
			path = SQLite.framework;
			remoteRef = 53F892E820A8B74E002CE907 /* PBXContainerItemProxy */;
			sourceTree = BUILT_PRODUCTS_DIR;
		};
		53F892EB20A8B74E002CE907 /* SQLiteTests Mac.xctest */ = {
			isa = PBXReferenceProxy;
			fileType = wrapper.cfbundle;
			path = "SQLiteTests Mac.xctest";
			remoteRef = 53F892EA20A8B74E002CE907 /* PBXContainerItemProxy */;
			sourceTree = BUILT_PRODUCTS_DIR;
		};
		53F892ED20A8B74E002CE907 /* SQLite.framework */ = {
			isa = PBXReferenceProxy;
			fileType = wrapper.framework;
			path = SQLite.framework;
			remoteRef = 53F892EC20A8B74E002CE907 /* PBXContainerItemProxy */;
			sourceTree = BUILT_PRODUCTS_DIR;
		};
		53F892EF20A8B74E002CE907 /* SQLiteTests tvOS.xctest */ = {
			isa = PBXReferenceProxy;
			fileType = wrapper.cfbundle;
			path = "SQLiteTests tvOS.xctest";
			remoteRef = 53F892EE20A8B74E002CE907 /* PBXContainerItemProxy */;
			sourceTree = BUILT_PRODUCTS_DIR;
		};
		53F892F120A8B74E002CE907 /* SQLite.framework */ = {
			isa = PBXReferenceProxy;
			fileType = wrapper.framework;
			path = SQLite.framework;
			remoteRef = 53F892F020A8B74E002CE907 /* PBXContainerItemProxy */;
			sourceTree = BUILT_PRODUCTS_DIR;
		};
/* End PBXReferenceProxy section */

/* Begin PBXResourcesBuildPhase section */
		53F8928320A71D24002CE907 /* Resources */ = {
			isa = PBXResourcesBuildPhase;
			buildActionMask = 2147483647;
			files = (
				53F892D220A85EBB002CE907 /* CountryListTableViewCell.xib in Resources */,
				53F8929320A71D25002CE907 /* LaunchScreen.storyboard in Resources */,
				53F8929020A71D25002CE907 /* Assets.xcassets in Resources */,
				53F8928E20A71D24002CE907 /* Main.storyboard in Resources */,
			);
			runOnlyForDeploymentPostprocessing = 0;
		};
		53F8929720A71D25002CE907 /* Resources */ = {
			isa = PBXResourcesBuildPhase;
			buildActionMask = 2147483647;
			files = (
			);
			runOnlyForDeploymentPostprocessing = 0;
		};
		53F892A220A71D25002CE907 /* Resources */ = {
			isa = PBXResourcesBuildPhase;
			buildActionMask = 2147483647;
			files = (
			);
			runOnlyForDeploymentPostprocessing = 0;
		};
/* End PBXResourcesBuildPhase section */

/* Begin PBXSourcesBuildPhase section */
		53F8928120A71D24002CE907 /* Sources */ = {
			isa = PBXSourcesBuildPhase;
			buildActionMask = 2147483647;
			files = (
				53F892C820A72664002CE907 /* CountryListDataManager.swift in Sources */,
				53F8928B20A71D24002CE907 /* ViewController.swift in Sources */,
				53F892D920A8A4F8002CE907 /* CountryDB.swift in Sources */,
				53F892D520A86907002CE907 /* Constant.swift in Sources */,
				53F892BE20A7214D002CE907 /* CountryListPresenter.swift in Sources */,
				53F892C620A72315002CE907 /* CountryListAssembly.swift in Sources */,
				53F892D120A85EBB002CE907 /* CountryListTableViewCell.swift in Sources */,
				53F892BB20A72125002CE907 /* CountryListInteractor.swift in Sources */,
				53F8928920A71D24002CE907 /* AppDelegate.swift in Sources */,
				53F892C120A72227002CE907 /* CountryModel.swift in Sources */,
			);
			runOnlyForDeploymentPostprocessing = 0;
		};
		53F8929520A71D25002CE907 /* Sources */ = {
			isa = PBXSourcesBuildPhase;
			buildActionMask = 2147483647;
			files = (
				53F8929E20A71D25002CE907 /* Country_ListTests.swift in Sources */,
			);
			runOnlyForDeploymentPostprocessing = 0;
		};
		53F892A020A71D25002CE907 /* Sources */ = {
			isa = PBXSourcesBuildPhase;
			buildActionMask = 2147483647;
			files = (
				53F892A920A71D25002CE907 /* Country_ListUITests.swift in Sources */,
			);
			runOnlyForDeploymentPostprocessing = 0;
		};
/* End PBXSourcesBuildPhase section */

/* Begin PBXTargetDependency section */
		53F8929B20A71D25002CE907 /* PBXTargetDependency */ = {
			isa = PBXTargetDependency;
			target = 53F8928420A71D24002CE907 /* Country List */;
			targetProxy = 53F8929A20A71D25002CE907 /* PBXContainerItemProxy */;
		};
		53F892A620A71D25002CE907 /* PBXTargetDependency */ = {
			isa = PBXTargetDependency;
			target = 53F8928420A71D24002CE907 /* Country List */;
			targetProxy = 53F892A520A71D25002CE907 /* PBXContainerItemProxy */;
		};
		53F892F720A8B86A002CE907 /* PBXTargetDependency */ = {
			isa = PBXTargetDependency;
			name = "SQLite iOS";
			targetProxy = 53F892F620A8B86A002CE907 /* PBXContainerItemProxy */;
		};
/* End PBXTargetDependency section */

/* Begin PBXVariantGroup section */
		53F8928C20A71D24002CE907 /* Main.storyboard */ = {
			isa = PBXVariantGroup;
			children = (
				53F8928D20A71D24002CE907 /* Base */,
			);
			name = Main.storyboard;
			sourceTree = "<group>";
		};
		53F8929120A71D25002CE907 /* LaunchScreen.storyboard */ = {
			isa = PBXVariantGroup;
			children = (
				53F8929220A71D25002CE907 /* Base */,
			);
			name = LaunchScreen.storyboard;
			sourceTree = "<group>";
		};
/* End PBXVariantGroup section */

/* Begin XCBuildConfiguration section */
		53F892AB20A71D25002CE907 /* Debug */ = {
			isa = XCBuildConfiguration;
			buildSettings = {
				ALWAYS_SEARCH_USER_PATHS = NO;
				CLANG_ANALYZER_NONNULL = YES;
				CLANG_ANALYZER_NUMBER_OBJECT_CONVERSION = YES_AGGRESSIVE;
				CLANG_CXX_LANGUAGE_STANDARD = "gnu++14";
				CLANG_CXX_LIBRARY = "libc++";
				CLANG_ENABLE_MODULES = YES;
				CLANG_ENABLE_OBJC_ARC = YES;
				CLANG_ENABLE_OBJC_WEAK = YES;
				CLANG_WARN_BLOCK_CAPTURE_AUTORELEASING = YES;
				CLANG_WARN_BOOL_CONVERSION = YES;
				CLANG_WARN_COMMA = YES;
				CLANG_WARN_CONSTANT_CONVERSION = YES;
				CLANG_WARN_DEPRECATED_OBJC_IMPLEMENTATIONS = YES;
				CLANG_WARN_DIRECT_OBJC_ISA_USAGE = YES_ERROR;
				CLANG_WARN_DOCUMENTATION_COMMENTS = YES;
				CLANG_WARN_EMPTY_BODY = YES;
				CLANG_WARN_ENUM_CONVERSION = YES;
				CLANG_WARN_INFINITE_RECURSION = YES;
				CLANG_WARN_INT_CONVERSION = YES;
				CLANG_WARN_NON_LITERAL_NULL_CONVERSION = YES;
				CLANG_WARN_OBJC_IMPLICIT_RETAIN_SELF = YES;
				CLANG_WARN_OBJC_LITERAL_CONVERSION = YES;
				CLANG_WARN_OBJC_ROOT_CLASS = YES_ERROR;
				CLANG_WARN_RANGE_LOOP_ANALYSIS = YES;
				CLANG_WARN_STRICT_PROTOTYPES = YES;
				CLANG_WARN_SUSPICIOUS_MOVE = YES;
				CLANG_WARN_UNGUARDED_AVAILABILITY = YES_AGGRESSIVE;
				CLANG_WARN_UNREACHABLE_CODE = YES;
				CLANG_WARN__DUPLICATE_METHOD_MATCH = YES;
				CODE_SIGN_IDENTITY = "iPhone Developer";
				COPY_PHASE_STRIP = NO;
				DEBUG_INFORMATION_FORMAT = dwarf;
				ENABLE_STRICT_OBJC_MSGSEND = YES;
				ENABLE_TESTABILITY = YES;
				GCC_C_LANGUAGE_STANDARD = gnu11;
				GCC_DYNAMIC_NO_PIC = NO;
				GCC_NO_COMMON_BLOCKS = YES;
				GCC_OPTIMIZATION_LEVEL = 0;
				GCC_PREPROCESSOR_DEFINITIONS = (
					"DEBUG=1",
					"$(inherited)",
				);
				GCC_WARN_64_TO_32_BIT_CONVERSION = YES;
				GCC_WARN_ABOUT_RETURN_TYPE = YES_ERROR;
				GCC_WARN_UNDECLARED_SELECTOR = YES;
				GCC_WARN_UNINITIALIZED_AUTOS = YES_AGGRESSIVE;
				GCC_WARN_UNUSED_FUNCTION = YES;
				GCC_WARN_UNUSED_VARIABLE = YES;
				IPHONEOS_DEPLOYMENT_TARGET = 11.3;
				MTL_ENABLE_DEBUG_INFO = YES;
				ONLY_ACTIVE_ARCH = YES;
				SDKROOT = iphoneos;
				SWIFT_ACTIVE_COMPILATION_CONDITIONS = DEBUG;
				SWIFT_OPTIMIZATION_LEVEL = "-Onone";
			};
			name = Debug;
		};
		53F892AC20A71D25002CE907 /* Release */ = {
			isa = XCBuildConfiguration;
			buildSettings = {
				ALWAYS_SEARCH_USER_PATHS = NO;
				CLANG_ANALYZER_NONNULL = YES;
				CLANG_ANALYZER_NUMBER_OBJECT_CONVERSION = YES_AGGRESSIVE;
				CLANG_CXX_LANGUAGE_STANDARD = "gnu++14";
				CLANG_CXX_LIBRARY = "libc++";
				CLANG_ENABLE_MODULES = YES;
				CLANG_ENABLE_OBJC_ARC = YES;
				CLANG_ENABLE_OBJC_WEAK = YES;
				CLANG_WARN_BLOCK_CAPTURE_AUTORELEASING = YES;
				CLANG_WARN_BOOL_CONVERSION = YES;
				CLANG_WARN_COMMA = YES;
				CLANG_WARN_CONSTANT_CONVERSION = YES;
				CLANG_WARN_DEPRECATED_OBJC_IMPLEMENTATIONS = YES;
				CLANG_WARN_DIRECT_OBJC_ISA_USAGE = YES_ERROR;
				CLANG_WARN_DOCUMENTATION_COMMENTS = YES;
				CLANG_WARN_EMPTY_BODY = YES;
				CLANG_WARN_ENUM_CONVERSION = YES;
				CLANG_WARN_INFINITE_RECURSION = YES;
				CLANG_WARN_INT_CONVERSION = YES;
				CLANG_WARN_NON_LITERAL_NULL_CONVERSION = YES;
				CLANG_WARN_OBJC_IMPLICIT_RETAIN_SELF = YES;
				CLANG_WARN_OBJC_LITERAL_CONVERSION = YES;
				CLANG_WARN_OBJC_ROOT_CLASS = YES_ERROR;
				CLANG_WARN_RANGE_LOOP_ANALYSIS = YES;
				CLANG_WARN_STRICT_PROTOTYPES = YES;
				CLANG_WARN_SUSPICIOUS_MOVE = YES;
				CLANG_WARN_UNGUARDED_AVAILABILITY = YES_AGGRESSIVE;
				CLANG_WARN_UNREACHABLE_CODE = YES;
				CLANG_WARN__DUPLICATE_METHOD_MATCH = YES;
				CODE_SIGN_IDENTITY = "iPhone Developer";
				COPY_PHASE_STRIP = NO;
				DEBUG_INFORMATION_FORMAT = "dwarf-with-dsym";
				ENABLE_NS_ASSERTIONS = NO;
				ENABLE_STRICT_OBJC_MSGSEND = YES;
				GCC_C_LANGUAGE_STANDARD = gnu11;
				GCC_NO_COMMON_BLOCKS = YES;
				GCC_WARN_64_TO_32_BIT_CONVERSION = YES;
				GCC_WARN_ABOUT_RETURN_TYPE = YES_ERROR;
				GCC_WARN_UNDECLARED_SELECTOR = YES;
				GCC_WARN_UNINITIALIZED_AUTOS = YES_AGGRESSIVE;
				GCC_WARN_UNUSED_FUNCTION = YES;
				GCC_WARN_UNUSED_VARIABLE = YES;
				IPHONEOS_DEPLOYMENT_TARGET = 11.3;
				MTL_ENABLE_DEBUG_INFO = NO;
				SDKROOT = iphoneos;
				SWIFT_COMPILATION_MODE = wholemodule;
				SWIFT_OPTIMIZATION_LEVEL = "-O";
				VALIDATE_PRODUCT = YES;
			};
			name = Release;
		};
		53F892AE20A71D25002CE907 /* Debug */ = {
			isa = XCBuildConfiguration;
			buildSettings = {
				ALWAYS_EMBED_SWIFT_STANDARD_LIBRARIES = YES;
				ASSETCATALOG_COMPILER_APPICON_NAME = AppIcon;
				CODE_SIGN_STYLE = Automatic;
				INFOPLIST_FILE = "Country List/Info.plist";
				LD_RUNPATH_SEARCH_PATHS = (
					"$(inherited)",
					"@executable_path/Frameworks",
				);
				PRODUCT_BUNDLE_IDENTIFIER = "rafa.Country-List";
				PRODUCT_NAME = "$(TARGET_NAME)";
				SWIFT_VERSION = 4.0;
				TARGETED_DEVICE_FAMILY = "1,2";
			};
			name = Debug;
		};
		53F892AF20A71D25002CE907 /* Release */ = {
			isa = XCBuildConfiguration;
			buildSettings = {
				ALWAYS_EMBED_SWIFT_STANDARD_LIBRARIES = YES;
				ASSETCATALOG_COMPILER_APPICON_NAME = AppIcon;
				CODE_SIGN_STYLE = Automatic;
				INFOPLIST_FILE = "Country List/Info.plist";
				LD_RUNPATH_SEARCH_PATHS = (
					"$(inherited)",
					"@executable_path/Frameworks",
				);
				PRODUCT_BUNDLE_IDENTIFIER = "rafa.Country-List";
				PRODUCT_NAME = "$(TARGET_NAME)";
				SWIFT_VERSION = 4.0;
				TARGETED_DEVICE_FAMILY = "1,2";
			};
			name = Release;
		};
		53F892B120A71D25002CE907 /* Debug */ = {
			isa = XCBuildConfiguration;
			buildSettings = {
				ALWAYS_EMBED_SWIFT_STANDARD_LIBRARIES = YES;
				BUNDLE_LOADER = "$(TEST_HOST)";
				CODE_SIGN_STYLE = Automatic;
				INFOPLIST_FILE = "Country ListTests/Info.plist";
				LD_RUNPATH_SEARCH_PATHS = (
					"$(inherited)",
					"@executable_path/Frameworks",
					"@loader_path/Frameworks",
				);
				PRODUCT_BUNDLE_IDENTIFIER = "rafa.Country-ListTests";
				PRODUCT_NAME = "$(TARGET_NAME)";
				SWIFT_VERSION = 4.0;
				TARGETED_DEVICE_FAMILY = "1,2";
				TEST_HOST = "$(BUILT_PRODUCTS_DIR)/Country List.app/Country List";
			};
			name = Debug;
		};
		53F892B220A71D25002CE907 /* Release */ = {
			isa = XCBuildConfiguration;
			buildSettings = {
				ALWAYS_EMBED_SWIFT_STANDARD_LIBRARIES = YES;
				BUNDLE_LOADER = "$(TEST_HOST)";
				CODE_SIGN_STYLE = Automatic;
				INFOPLIST_FILE = "Country ListTests/Info.plist";
				LD_RUNPATH_SEARCH_PATHS = (
					"$(inherited)",
					"@executable_path/Frameworks",
					"@loader_path/Frameworks",
				);
				PRODUCT_BUNDLE_IDENTIFIER = "rafa.Country-ListTests";
				PRODUCT_NAME = "$(TARGET_NAME)";
				SWIFT_VERSION = 4.0;
				TARGETED_DEVICE_FAMILY = "1,2";
				TEST_HOST = "$(BUILT_PRODUCTS_DIR)/Country List.app/Country List";
			};
			name = Release;
		};
		53F892B420A71D25002CE907 /* Debug */ = {
			isa = XCBuildConfiguration;
			buildSettings = {
				ALWAYS_EMBED_SWIFT_STANDARD_LIBRARIES = YES;
				CODE_SIGN_STYLE = Automatic;
				INFOPLIST_FILE = "Country ListUITests/Info.plist";
				LD_RUNPATH_SEARCH_PATHS = (
					"$(inherited)",
					"@executable_path/Frameworks",
					"@loader_path/Frameworks",
				);
				PRODUCT_BUNDLE_IDENTIFIER = "rafa.Country-ListUITests";
				PRODUCT_NAME = "$(TARGET_NAME)";
				SWIFT_VERSION = 4.0;
				TARGETED_DEVICE_FAMILY = "1,2";
				TEST_TARGET_NAME = "Country List";
			};
			name = Debug;
		};
		53F892B520A71D25002CE907 /* Release */ = {
			isa = XCBuildConfiguration;
			buildSettings = {
				ALWAYS_EMBED_SWIFT_STANDARD_LIBRARIES = YES;
				CODE_SIGN_STYLE = Automatic;
				INFOPLIST_FILE = "Country ListUITests/Info.plist";
				LD_RUNPATH_SEARCH_PATHS = (
					"$(inherited)",
					"@executable_path/Frameworks",
					"@loader_path/Frameworks",
				);
				PRODUCT_BUNDLE_IDENTIFIER = "rafa.Country-ListUITests";
				PRODUCT_NAME = "$(TARGET_NAME)";
				SWIFT_VERSION = 4.0;
				TARGETED_DEVICE_FAMILY = "1,2";
				TEST_TARGET_NAME = "Country List";
			};
			name = Release;
		};
/* End XCBuildConfiguration section */

/* Begin XCConfigurationList section */
		53F8928020A71D24002CE907 /* Build configuration list for PBXProject "Country List" */ = {
			isa = XCConfigurationList;
			buildConfigurations = (
				53F892AB20A71D25002CE907 /* Debug */,
				53F892AC20A71D25002CE907 /* Release */,
			);
			defaultConfigurationIsVisible = 0;
			defaultConfigurationName = Release;
		};
		53F892AD20A71D25002CE907 /* Build configuration list for PBXNativeTarget "Country List" */ = {
			isa = XCConfigurationList;
			buildConfigurations = (
				53F892AE20A71D25002CE907 /* Debug */,
				53F892AF20A71D25002CE907 /* Release */,
			);
			defaultConfigurationIsVisible = 0;
			defaultConfigurationName = Release;
		};
		53F892B020A71D25002CE907 /* Build configuration list for PBXNativeTarget "Country ListTests" */ = {
			isa = XCConfigurationList;
			buildConfigurations = (
				53F892B120A71D25002CE907 /* Debug */,
				53F892B220A71D25002CE907 /* Release */,
			);
			defaultConfigurationIsVisible = 0;
			defaultConfigurationName = Release;
		};
		53F892B320A71D25002CE907 /* Build configuration list for PBXNativeTarget "Country ListUITests" */ = {
			isa = XCConfigurationList;
			buildConfigurations = (
				53F892B420A71D25002CE907 /* Debug */,
				53F892B520A71D25002CE907 /* Release */,
			);
			defaultConfigurationIsVisible = 0;
			defaultConfigurationName = Release;
		};
/* End XCConfigurationList section */
	};
	rootObject = 53F8927D20A71D24002CE907 /* Project object */;
}
